
Microsoft Visual Studio Solution File, Format Version 12.00
# Visual Studio Version 17
VisualStudioVersion = 17.7.34202.233
MinimumVisualStudioVersion = 10.0.40219.1
Project("{FAE04EC0-301F-11D3-BF4B-00C04F79EFBC}") = "Cambio_moedas", "Cambio_moedas.csproj", "{EA360337-505D-4927-A681-37740C5633CE}"
EndProject
Global
	GlobalSection(SolutionConfigurationPlatforms) = preSolution
		Debug|Any CPU = Debug|Any CPU
		Release|Any CPU = Release|Any CPU
	EndGlobalSection
	GlobalSection(ProjectConfigurationPlatforms) = postSolution
		{EA360337-505D-4927-A681-37740C5633CE}.Debug|Any CPU.ActiveCfg = Debug|Any CPU
		{EA360337-505D-4927-A681-37740C5633CE}.Debug|Any CPU.Build.0 = Debug|Any CPU
		{EA360337-505D-4927-A681-37740C5633CE}.Release|Any CPU.ActiveCfg = Release|Any CPU
		{EA360337-505D-4927-A681-37740C5633CE}.Release|Any CPU.Build.0 = Release|Any CPU
	EndGlobalSection
	GlobalSection(SolutionProperties) = preSolution
		HideSolutionNode = FALSE
	EndGlobalSection
	GlobalSection(ExtensibilityGlobals) = postSolution
		SolutionGuid = {06349290-6FCF-402E-B8A4-70948137FF63}
	EndGlobalSection
EndGlobal
